// !$*UTF8*$!
{
	archiveVersion = 1;
	classes = {
	};
	objectVersion = 46;
	objects = {

/* Begin PBXBuildFile section */
		F41FAA511A49C52000AF7366 /* MathAdditions.swift in Sources */ = {isa = PBXBuildFile; fileRef = F41FAA501A49C52000AF7366 /* MathAdditions.swift */; };
		F42375A31A1BCD8D003BECDF /* AppDelegate.swift in Sources */ = {isa = PBXBuildFile; fileRef = F42375A21A1BCD8D003BECDF /* AppDelegate.swift */; };
		F42375A51A1BCD8D003BECDF /* GalleryViewController.swift in Sources */ = {isa = PBXBuildFile; fileRef = F42375A41A1BCD8D003BECDF /* GalleryViewController.swift */; };
		F42375A81A1BCD8D003BECDF /* Main.storyboard in Resources */ = {isa = PBXBuildFile; fileRef = F42375A61A1BCD8D003BECDF /* Main.storyboard */; };
		F42375AA1A1BCD8D003BECDF /* Images.xcassets in Resources */ = {isa = PBXBuildFile; fileRef = F42375A91A1BCD8D003BECDF /* Images.xcassets */; };
		F42375AD1A1BCD8D003BECDF /* LaunchScreen.xib in Resources */ = {isa = PBXBuildFile; fileRef = F42375AB1A1BCD8D003BECDF /* LaunchScreen.xib */; };
		F42375B91A1BCD8D003BECDF /* FNAsyncGalleryTests.swift in Sources */ = {isa = PBXBuildFile; fileRef = F42375B81A1BCD8D003BECDF /* FNAsyncGalleryTests.swift */; };
		F43626001A2AF7FD00DECBD9 /* FICImageCache.m in Sources */ = {isa = PBXBuildFile; fileRef = F43625F41A2AF7FD00DECBD9 /* FICImageCache.m */; };
		F43626011A2AF7FD00DECBD9 /* FICImageFormat.m in Sources */ = {isa = PBXBuildFile; fileRef = F43625F61A2AF7FD00DECBD9 /* FICImageFormat.m */; };
		F43626021A2AF7FD00DECBD9 /* FICImageTable.m in Sources */ = {isa = PBXBuildFile; fileRef = F43625F81A2AF7FD00DECBD9 /* FICImageTable.m */; };
		F43626031A2AF7FD00DECBD9 /* FICImageTableChunk.m in Sources */ = {isa = PBXBuildFile; fileRef = F43625FA1A2AF7FD00DECBD9 /* FICImageTableChunk.m */; };
		F43626041A2AF7FD00DECBD9 /* FICImageTableEntry.m in Sources */ = {isa = PBXBuildFile; fileRef = F43625FC1A2AF7FD00DECBD9 /* FICImageTableEntry.m */; };
		F43626051A2AF7FD00DECBD9 /* FICUtilities.m in Sources */ = {isa = PBXBuildFile; fileRef = F43625FF1A2AF7FD00DECBD9 /* FICUtilities.m */; };
		F436260D1A2BD75900DECBD9 /* ImageCacheManager.swift in Sources */ = {isa = PBXBuildFile; fileRef = F436260C1A2BD75900DECBD9 /* ImageCacheManager.swift */; };
		F436260F1A2BD99E00DECBD9 /* FNImage.swift in Sources */ = {isa = PBXBuildFile; fileRef = F436260E1A2BD99E00DECBD9 /* FNImage.swift */; };
		F43626111A2C0E9E00DECBD9 /* GalleryImageCell.swift in Sources */ = {isa = PBXBuildFile; fileRef = F43626101A2C0E9E00DECBD9 /* GalleryImageCell.swift */; };
		F43C6AD21A4AF69700B8C74F /* GalleryBrowserPageView.swift in Sources */ = {isa = PBXBuildFile; fileRef = F43C6AD11A4AF69700B8C74F /* GalleryBrowserPageView.swift */; };
		F4634AC51A323A3B00A63B7F /* GalleryBrowsePhotoViewController.swift in Sources */ = {isa = PBXBuildFile; fileRef = F4634AC41A323A3B00A63B7F /* GalleryBrowsePhotoViewController.swift */; };
		F46C7ACF1A1BCEE000FF82B4 /* Alamofire.swift in Sources */ = {isa = PBXBuildFile; fileRef = F46C7ACE1A1BCEE000FF82B4 /* Alamofire.swift */; };
		F46C7AE01A1BCFF800FF82B4 /* Coefficients.swift in Sources */ = {isa = PBXBuildFile; fileRef = F46C7AD21A1BCFF800FF82B4 /* Coefficients.swift */; };
		F46C7AE11A1BCFF800FF82B4 /* Compound.swift in Sources */ = {isa = PBXBuildFile; fileRef = F46C7AD31A1BCFF800FF82B4 /* Compound.swift */; };
		F46C7AE21A1BCFF800FF82B4 /* Dimension.swift in Sources */ = {isa = PBXBuildFile; fileRef = F46C7AD41A1BCFF800FF82B4 /* Dimension.swift */; };
		F46C7AE31A1BCFF800FF82B4 /* Edge.swift in Sources */ = {isa = PBXBuildFile; fileRef = F46C7AD51A1BCFF800FF82B4 /* Edge.swift */; };
		F46C7AE41A1BCFF800FF82B4 /* Edges.swift in Sources */ = {isa = PBXBuildFile; fileRef = F46C7AD61A1BCFF800FF82B4 /* Edges.swift */; };
		F46C7AE51A1BCFF800FF82B4 /* Expression.swift in Sources */ = {isa = PBXBuildFile; fileRef = F46C7AD71A1BCFF800FF82B4 /* Expression.swift */; };
		F46C7AE71A1BCFF800FF82B4 /* Layout.swift in Sources */ = {isa = PBXBuildFile; fileRef = F46C7AD91A1BCFF800FF82B4 /* Layout.swift */; };
		F46C7AE81A1BCFF800FF82B4 /* LayoutProxy.swift in Sources */ = {isa = PBXBuildFile; fileRef = F46C7ADA1A1BCFF800FF82B4 /* LayoutProxy.swift */; };
		F46C7AE91A1BCFF800FF82B4 /* Point.swift in Sources */ = {isa = PBXBuildFile; fileRef = F46C7ADB1A1BCFF800FF82B4 /* Point.swift */; };
		F46C7AEA1A1BCFF800FF82B4 /* Priority.swift in Sources */ = {isa = PBXBuildFile; fileRef = F46C7ADC1A1BCFF800FF82B4 /* Priority.swift */; };
		F46C7AEB1A1BCFF800FF82B4 /* Property.swift in Sources */ = {isa = PBXBuildFile; fileRef = F46C7ADD1A1BCFF800FF82B4 /* Property.swift */; };
		F46C7AEC1A1BCFF800FF82B4 /* Size.swift in Sources */ = {isa = PBXBuildFile; fileRef = F46C7ADE1A1BCFF800FF82B4 /* Size.swift */; };
		F46C7AED1A1BCFF800FF82B4 /* View.swift in Sources */ = {isa = PBXBuildFile; fileRef = F46C7ADF1A1BCFF800FF82B4 /* View.swift */; };
		F4D757FB1A45F82E000DE21E /* GalleryViewControllerTransitioning.swift in Sources */ = {isa = PBXBuildFile; fileRef = F4D757FA1A45F82E000DE21E /* GalleryViewControllerTransitioning.swift */; };
		F4EA7A0A1A1DB1CB00526783 /* GalleryExampleViewController.swift in Sources */ = {isa = PBXBuildFile; fileRef = F4EA7A091A1DB1CB00526783 /* GalleryExampleViewController.swift */; };
/* End PBXBuildFile section */

/* Begin PBXContainerItemProxy section */
		F42375B31A1BCD8D003BECDF /* PBXContainerItemProxy */ = {
			isa = PBXContainerItemProxy;
			containerPortal = F42375951A1BCD8D003BECDF /* Project object */;
			proxyType = 1;
			remoteGlobalIDString = F423759C1A1BCD8D003BECDF;
			remoteInfo = FNAsyncGallery;
		};
/* End PBXContainerItemProxy section */

/* Begin PBXFileReference section */
		F41FAA501A49C52000AF7366 /* MathAdditions.swift */ = {isa = PBXFileReference; fileEncoding = 4; lastKnownFileType = sourcecode.swift; name = MathAdditions.swift; path = Classes/MathAdditions.swift; sourceTree = "<group>"; };
		F423759D1A1BCD8D003BECDF /* FNAsyncGallery.app */ = {isa = PBXFileReference; explicitFileType = wrapper.application; includeInIndex = 0; path = FNAsyncGallery.app; sourceTree = BUILT_PRODUCTS_DIR; };
		F42375A11A1BCD8D003BECDF /* Info.plist */ = {isa = PBXFileReference; lastKnownFileType = text.plist.xml; path = Info.plist; sourceTree = "<group>"; };
		F42375A21A1BCD8D003BECDF /* AppDelegate.swift */ = {isa = PBXFileReference; lastKnownFileType = sourcecode.swift; path = AppDelegate.swift; sourceTree = "<group>"; };
		F42375A41A1BCD8D003BECDF /* GalleryViewController.swift */ = {isa = PBXFileReference; lastKnownFileType = sourcecode.swift; name = GalleryViewController.swift; path = Classes/GalleryViewController.swift; sourceTree = "<group>"; };
		F42375A71A1BCD8D003BECDF /* Base */ = {isa = PBXFileReference; lastKnownFileType = file.storyboard; name = Base; path = Base.lproj/Main.storyboard; sourceTree = "<group>"; };
		F42375A91A1BCD8D003BECDF /* Images.xcassets */ = {isa = PBXFileReference; lastKnownFileType = folder.assetcatalog; path = Images.xcassets; sourceTree = "<group>"; };
		F42375AC1A1BCD8D003BECDF /* Base */ = {isa = PBXFileReference; lastKnownFileType = file.xib; name = Base; path = Base.lproj/LaunchScreen.xib; sourceTree = "<group>"; };
		F42375B21A1BCD8D003BECDF /* FNAsyncGalleryTests.xctest */ = {isa = PBXFileReference; explicitFileType = wrapper.cfbundle; includeInIndex = 0; path = FNAsyncGalleryTests.xctest; sourceTree = BUILT_PRODUCTS_DIR; };
		F42375B71A1BCD8D003BECDF /* Info.plist */ = {isa = PBXFileReference; lastKnownFileType = text.plist.xml; path = Info.plist; sourceTree = "<group>"; };
		F42375B81A1BCD8D003BECDF /* FNAsyncGalleryTests.swift */ = {isa = PBXFileReference; lastKnownFileType = sourcecode.swift; path = FNAsyncGalleryTests.swift; sourceTree = "<group>"; };
		F43625F11A2AF7FD00DECBD9 /* FICEntity.h */ = {isa = PBXFileReference; fileEncoding = 4; lastKnownFileType = sourcecode.c.h; path = FICEntity.h; sourceTree = "<group>"; };
		F43625F21A2AF7FD00DECBD9 /* FICImageCache+FICErrorLogging.h */ = {isa = PBXFileReference; fileEncoding = 4; lastKnownFileType = sourcecode.c.h; path = "FICImageCache+FICErrorLogging.h"; sourceTree = "<group>"; };
		F43625F31A2AF7FD00DECBD9 /* FICImageCache.h */ = {isa = PBXFileReference; fileEncoding = 4; lastKnownFileType = sourcecode.c.h; path = FICImageCache.h; sourceTree = "<group>"; };
		F43625F41A2AF7FD00DECBD9 /* FICImageCache.m */ = {isa = PBXFileReference; fileEncoding = 4; lastKnownFileType = sourcecode.c.objc; path = FICImageCache.m; sourceTree = "<group>"; };
		F43625F51A2AF7FD00DECBD9 /* FICImageFormat.h */ = {isa = PBXFileReference; fileEncoding = 4; lastKnownFileType = sourcecode.c.h; path = FICImageFormat.h; sourceTree = "<group>"; };
		F43625F61A2AF7FD00DECBD9 /* FICImageFormat.m */ = {isa = PBXFileReference; fileEncoding = 4; lastKnownFileType = sourcecode.c.objc; path = FICImageFormat.m; sourceTree = "<group>"; };
		F43625F71A2AF7FD00DECBD9 /* FICImageTable.h */ = {isa = PBXFileReference; fileEncoding = 4; lastKnownFileType = sourcecode.c.h; path = FICImageTable.h; sourceTree = "<group>"; };
		F43625F81A2AF7FD00DECBD9 /* FICImageTable.m */ = {isa = PBXFileReference; fileEncoding = 4; lastKnownFileType = sourcecode.c.objc; path = FICImageTable.m; sourceTree = "<group>"; };
		F43625F91A2AF7FD00DECBD9 /* FICImageTableChunk.h */ = {isa = PBXFileReference; fileEncoding = 4; lastKnownFileType = sourcecode.c.h; path = FICImageTableChunk.h; sourceTree = "<group>"; };
		F43625FA1A2AF7FD00DECBD9 /* FICImageTableChunk.m */ = {isa = PBXFileReference; fileEncoding = 4; lastKnownFileType = sourcecode.c.objc; path = FICImageTableChunk.m; sourceTree = "<group>"; };
		F43625FB1A2AF7FD00DECBD9 /* FICImageTableEntry.h */ = {isa = PBXFileReference; fileEncoding = 4; lastKnownFileType = sourcecode.c.h; path = FICImageTableEntry.h; sourceTree = "<group>"; };
		F43625FC1A2AF7FD00DECBD9 /* FICImageTableEntry.m */ = {isa = PBXFileReference; fileEncoding = 4; lastKnownFileType = sourcecode.c.objc; path = FICImageTableEntry.m; sourceTree = "<group>"; };
		F43625FD1A2AF7FD00DECBD9 /* FICImports.h */ = {isa = PBXFileReference; fileEncoding = 4; lastKnownFileType = sourcecode.c.h; path = FICImports.h; sourceTree = "<group>"; };
		F43625FE1A2AF7FD00DECBD9 /* FICUtilities.h */ = {isa = PBXFileReference; fileEncoding = 4; lastKnownFileType = sourcecode.c.h; path = FICUtilities.h; sourceTree = "<group>"; };
		F43625FF1A2AF7FD00DECBD9 /* FICUtilities.m */ = {isa = PBXFileReference; fileEncoding = 4; lastKnownFileType = sourcecode.c.objc; path = FICUtilities.m; sourceTree = "<group>"; };
		F436260A1A2B04FA00DECBD9 /* FNAsyncGallery-Bridging-Header.h */ = {isa = PBXFileReference; lastKnownFileType = sourcecode.c.h; name = "FNAsyncGallery-Bridging-Header.h"; path = "FNAsyncGallery/FNAsyncGallery-Bridging-Header.h"; sourceTree = SOURCE_ROOT; };
		F436260C1A2BD75900DECBD9 /* ImageCacheManager.swift */ = {isa = PBXFileReference; fileEncoding = 4; lastKnownFileType = sourcecode.swift; name = ImageCacheManager.swift; path = Classes/ImageCacheManager.swift; sourceTree = "<group>"; };
		F436260E1A2BD99E00DECBD9 /* FNImage.swift */ = {isa = PBXFileReference; fileEncoding = 4; lastKnownFileType = sourcecode.swift; name = FNImage.swift; path = Classes/FNImage.swift; sourceTree = "<group>"; };
		F43626101A2C0E9E00DECBD9 /* GalleryImageCell.swift */ = {isa = PBXFileReference; fileEncoding = 4; lastKnownFileType = sourcecode.swift; name = GalleryImageCell.swift; path = Classes/GalleryImageCell.swift; sourceTree = "<group>"; };
		F43C6AD11A4AF69700B8C74F /* GalleryBrowserPageView.swift */ = {isa = PBXFileReference; fileEncoding = 4; lastKnownFileType = sourcecode.swift; name = GalleryBrowserPageView.swift; path = Classes/GalleryBrowserPageView.swift; sourceTree = "<group>"; };
		F4634AC41A323A3B00A63B7F /* GalleryBrowsePhotoViewController.swift */ = {isa = PBXFileReference; fileEncoding = 4; lastKnownFileType = sourcecode.swift; name = GalleryBrowsePhotoViewController.swift; path = Classes/GalleryBrowsePhotoViewController.swift; sourceTree = "<group>"; };
		F46C7ACE1A1BCEE000FF82B4 /* Alamofire.swift */ = {isa = PBXFileReference; fileEncoding = 4; lastKnownFileType = sourcecode.swift; name = Alamofire.swift; path = Alamofire/Source/Alamofire.swift; sourceTree = SOURCE_ROOT; };
		F46C7AD21A1BCFF800FF82B4 /* Coefficients.swift */ = {isa = PBXFileReference; fileEncoding = 4; lastKnownFileType = sourcecode.swift; path = Coefficients.swift; sourceTree = "<group>"; };
		F46C7AD31A1BCFF800FF82B4 /* Compound.swift */ = {isa = PBXFileReference; fileEncoding = 4; lastKnownFileType = sourcecode.swift; path = Compound.swift; sourceTree = "<group>"; };
		F46C7AD41A1BCFF800FF82B4 /* Dimension.swift */ = {isa = PBXFileReference; fileEncoding = 4; lastKnownFileType = sourcecode.swift; path = Dimension.swift; sourceTree = "<group>"; };
		F46C7AD51A1BCFF800FF82B4 /* Edge.swift */ = {isa = PBXFileReference; fileEncoding = 4; lastKnownFileType = sourcecode.swift; path = Edge.swift; sourceTree = "<group>"; };
		F46C7AD61A1BCFF800FF82B4 /* Edges.swift */ = {isa = PBXFileReference; fileEncoding = 4; lastKnownFileType = sourcecode.swift; path = Edges.swift; sourceTree = "<group>"; };
		F46C7AD71A1BCFF800FF82B4 /* Expression.swift */ = {isa = PBXFileReference; fileEncoding = 4; lastKnownFileType = sourcecode.swift; path = Expression.swift; sourceTree = "<group>"; };
		F46C7AD91A1BCFF800FF82B4 /* Layout.swift */ = {isa = PBXFileReference; fileEncoding = 4; lastKnownFileType = sourcecode.swift; path = Layout.swift; sourceTree = "<group>"; };
		F46C7ADA1A1BCFF800FF82B4 /* LayoutProxy.swift */ = {isa = PBXFileReference; fileEncoding = 4; lastKnownFileType = sourcecode.swift; path = LayoutProxy.swift; sourceTree = "<group>"; };
		F46C7ADB1A1BCFF800FF82B4 /* Point.swift */ = {isa = PBXFileReference; fileEncoding = 4; lastKnownFileType = sourcecode.swift; path = Point.swift; sourceTree = "<group>"; };
		F46C7ADC1A1BCFF800FF82B4 /* Priority.swift */ = {isa = PBXFileReference; fileEncoding = 4; lastKnownFileType = sourcecode.swift; path = Priority.swift; sourceTree = "<group>"; };
		F46C7ADD1A1BCFF800FF82B4 /* Property.swift */ = {isa = PBXFileReference; fileEncoding = 4; lastKnownFileType = sourcecode.swift; path = Property.swift; sourceTree = "<group>"; };
		F46C7ADE1A1BCFF800FF82B4 /* Size.swift */ = {isa = PBXFileReference; fileEncoding = 4; lastKnownFileType = sourcecode.swift; path = Size.swift; sourceTree = "<group>"; };
		F46C7ADF1A1BCFF800FF82B4 /* View.swift */ = {isa = PBXFileReference; fileEncoding = 4; lastKnownFileType = sourcecode.swift; path = View.swift; sourceTree = "<group>"; };
		F4D757FA1A45F82E000DE21E /* GalleryViewControllerTransitioning.swift */ = {isa = PBXFileReference; fileEncoding = 4; lastKnownFileType = sourcecode.swift; name = GalleryViewControllerTransitioning.swift; path = Classes/GalleryViewControllerTransitioning.swift; sourceTree = "<group>"; };
		F4EA7A091A1DB1CB00526783 /* GalleryExampleViewController.swift */ = {isa = PBXFileReference; fileEncoding = 4; lastKnownFileType = sourcecode.swift; path = GalleryExampleViewController.swift; sourceTree = "<group>"; };
/* End PBXFileReference section */

/* Begin PBXFrameworksBuildPhase section */
		F423759A1A1BCD8D003BECDF /* Frameworks */ = {
			isa = PBXFrameworksBuildPhase;
			buildActionMask = 2147483647;
			files = (
			);
			runOnlyForDeploymentPostprocessing = 0;
		};
		F42375AF1A1BCD8D003BECDF /* Frameworks */ = {
			isa = PBXFrameworksBuildPhase;
			buildActionMask = 2147483647;
			files = (
			);
			runOnlyForDeploymentPostprocessing = 0;
		};
/* End PBXFrameworksBuildPhase section */

/* Begin PBXGroup section */
		F42375941A1BCD8D003BECDF = {
			isa = PBXGroup;
			children = (
				F423759F1A1BCD8D003BECDF /* FNAsyncGallery */,
				F42375B51A1BCD8D003BECDF /* FNAsyncGalleryTests */,
				F423759E1A1BCD8D003BECDF /* Products */,
			);
			sourceTree = "<group>";
		};
		F423759E1A1BCD8D003BECDF /* Products */ = {
			isa = PBXGroup;
			children = (
				F423759D1A1BCD8D003BECDF /* FNAsyncGallery.app */,
				F42375B21A1BCD8D003BECDF /* FNAsyncGalleryTests.xctest */,
			);
			name = Products;
			sourceTree = "<group>";
		};
		F423759F1A1BCD8D003BECDF /* FNAsyncGallery */ = {
			isa = PBXGroup;
			children = (
				F42375A21A1BCD8D003BECDF /* AppDelegate.swift */,
				F4EA7A091A1DB1CB00526783 /* GalleryExampleViewController.swift */,
				F436260B1A2BD6D000DECBD9 /* Classes */,
				F42375A61A1BCD8D003BECDF /* Main.storyboard */,
				F42375A91A1BCD8D003BECDF /* Images.xcassets */,
				F42375AB1A1BCD8D003BECDF /* LaunchScreen.xib */,
				F42375A01A1BCD8D003BECDF /* Supporting Files */,
			);
			path = FNAsyncGallery;
			sourceTree = "<group>";
		};
		F42375A01A1BCD8D003BECDF /* Supporting Files */ = {
			isa = PBXGroup;
			children = (
				F46C7ACE1A1BCEE000FF82B4 /* Alamofire.swift */,
				F46C7AD01A1BCFF800FF82B4 /* Cartography */,
				F43625F01A2AF7FD00DECBD9 /* FastImageCache */,
				F42375A11A1BCD8D003BECDF /* Info.plist */,
				F436260A1A2B04FA00DECBD9 /* FNAsyncGallery-Bridging-Header.h */,
			);
			name = "Supporting Files";
			sourceTree = "<group>";
		};
		F42375B51A1BCD8D003BECDF /* FNAsyncGalleryTests */ = {
			isa = PBXGroup;
			children = (
				F42375B81A1BCD8D003BECDF /* FNAsyncGalleryTests.swift */,
				F42375B61A1BCD8D003BECDF /* Supporting Files */,
			);
			path = FNAsyncGalleryTests;
			sourceTree = "<group>";
		};
		F42375B61A1BCD8D003BECDF /* Supporting Files */ = {
			isa = PBXGroup;
			children = (
				F42375B71A1BCD8D003BECDF /* Info.plist */,
			);
			name = "Supporting Files";
			sourceTree = "<group>";
		};
		F43625F01A2AF7FD00DECBD9 /* FastImageCache */ = {
			isa = PBXGroup;
			children = (
				F43625F11A2AF7FD00DECBD9 /* FICEntity.h */,
				F43625F21A2AF7FD00DECBD9 /* FICImageCache+FICErrorLogging.h */,
				F43625F31A2AF7FD00DECBD9 /* FICImageCache.h */,
				F43625F41A2AF7FD00DECBD9 /* FICImageCache.m */,
				F43625F51A2AF7FD00DECBD9 /* FICImageFormat.h */,
				F43625F61A2AF7FD00DECBD9 /* FICImageFormat.m */,
				F43625F71A2AF7FD00DECBD9 /* FICImageTable.h */,
				F43625F81A2AF7FD00DECBD9 /* FICImageTable.m */,
				F43625F91A2AF7FD00DECBD9 /* FICImageTableChunk.h */,
				F43625FA1A2AF7FD00DECBD9 /* FICImageTableChunk.m */,
				F43625FB1A2AF7FD00DECBD9 /* FICImageTableEntry.h */,
				F43625FC1A2AF7FD00DECBD9 /* FICImageTableEntry.m */,
				F43625FD1A2AF7FD00DECBD9 /* FICImports.h */,
				F43625FE1A2AF7FD00DECBD9 /* FICUtilities.h */,
				F43625FF1A2AF7FD00DECBD9 /* FICUtilities.m */,
			);
			name = FastImageCache;
			path = FastImageCache/FastImageCache;
			sourceTree = SOURCE_ROOT;
		};
		F436260B1A2BD6D000DECBD9 /* Classes */ = {
			isa = PBXGroup;
			children = (
				F42375A41A1BCD8D003BECDF /* GalleryViewController.swift */,
				F4D757FA1A45F82E000DE21E /* GalleryViewControllerTransitioning.swift */,
				F4634AC41A323A3B00A63B7F /* GalleryBrowsePhotoViewController.swift */,
				F43C6AD11A4AF69700B8C74F /* GalleryBrowserPageView.swift */,
				F43626101A2C0E9E00DECBD9 /* GalleryImageCell.swift */,
				F436260C1A2BD75900DECBD9 /* ImageCacheManager.swift */,
				F436260E1A2BD99E00DECBD9 /* FNImage.swift */,
				F41FAA501A49C52000AF7366 /* MathAdditions.swift */,
			);
			name = Classes;
			sourceTree = "<group>";
		};
		F46C7AD01A1BCFF800FF82B4 /* Cartography */ = {
			isa = PBXGroup;
			children = (
				F46C7AD21A1BCFF800FF82B4 /* Coefficients.swift */,
				F46C7AD31A1BCFF800FF82B4 /* Compound.swift */,
				F46C7AD41A1BCFF800FF82B4 /* Dimension.swift */,
				F46C7AD51A1BCFF800FF82B4 /* Edge.swift */,
				F46C7AD61A1BCFF800FF82B4 /* Edges.swift */,
				F46C7AD71A1BCFF800FF82B4 /* Expression.swift */,
				F46C7AD91A1BCFF800FF82B4 /* Layout.swift */,
				F46C7ADA1A1BCFF800FF82B4 /* LayoutProxy.swift */,
				F46C7ADB1A1BCFF800FF82B4 /* Point.swift */,
				F46C7ADC1A1BCFF800FF82B4 /* Priority.swift */,
				F46C7ADD1A1BCFF800FF82B4 /* Property.swift */,
				F46C7ADE1A1BCFF800FF82B4 /* Size.swift */,
				F46C7ADF1A1BCFF800FF82B4 /* View.swift */,
			);
			name = Cartography;
			path = Cartography/Cartography;
			sourceTree = SOURCE_ROOT;
		};
/* End PBXGroup section */

/* Begin PBXNativeTarget section */
		F423759C1A1BCD8D003BECDF /* FNAsyncGallery */ = {
			isa = PBXNativeTarget;
			buildConfigurationList = F42375BC1A1BCD8D003BECDF /* Build configuration list for PBXNativeTarget "FNAsyncGallery" */;
			buildPhases = (
				F42375991A1BCD8D003BECDF /* Sources */,
				F423759A1A1BCD8D003BECDF /* Frameworks */,
				F423759B1A1BCD8D003BECDF /* Resources */,
			);
			buildRules = (
			);
			dependencies = (
			);
			name = FNAsyncGallery;
			productName = FNAsyncGallery;
			productReference = F423759D1A1BCD8D003BECDF /* FNAsyncGallery.app */;
			productType = "com.apple.product-type.application";
		};
		F42375B11A1BCD8D003BECDF /* FNAsyncGalleryTests */ = {
			isa = PBXNativeTarget;
			buildConfigurationList = F42375BF1A1BCD8D003BECDF /* Build configuration list for PBXNativeTarget "FNAsyncGalleryTests" */;
			buildPhases = (
				F42375AE1A1BCD8D003BECDF /* Sources */,
				F42375AF1A1BCD8D003BECDF /* Frameworks */,
				F42375B01A1BCD8D003BECDF /* Resources */,
			);
			buildRules = (
			);
			dependencies = (
				F42375B41A1BCD8D003BECDF /* PBXTargetDependency */,
			);
			name = FNAsyncGalleryTests;
			productName = FNAsyncGalleryTests;
			productReference = F42375B21A1BCD8D003BECDF /* FNAsyncGalleryTests.xctest */;
			productType = "com.apple.product-type.bundle.unit-test";
		};
/* End PBXNativeTarget section */

/* Begin PBXProject section */
		F42375951A1BCD8D003BECDF /* Project object */ = {
			isa = PBXProject;
			attributes = {
				LastUpgradeCheck = 0610;
				ORGANIZATIONNAME = DJ.Ben;
				TargetAttributes = {
					F423759C1A1BCD8D003BECDF = {
						CreatedOnToolsVersion = 6.1.1;
					};
					F42375B11A1BCD8D003BECDF = {
						CreatedOnToolsVersion = 6.1.1;
						TestTargetID = F423759C1A1BCD8D003BECDF;
					};
				};
			};
			buildConfigurationList = F42375981A1BCD8D003BECDF /* Build configuration list for PBXProject "FNAsyncGallery" */;
			compatibilityVersion = "Xcode 3.2";
			developmentRegion = English;
			hasScannedForEncodings = 0;
			knownRegions = (
				en,
				Base,
			);
			mainGroup = F42375941A1BCD8D003BECDF;
			productRefGroup = F423759E1A1BCD8D003BECDF /* Products */;
			projectDirPath = "";
			projectRoot = "";
			targets = (
				F423759C1A1BCD8D003BECDF /* FNAsyncGallery */,
				F42375B11A1BCD8D003BECDF /* FNAsyncGalleryTests */,
			);
		};
/* End PBXProject section */

/* Begin PBXResourcesBuildPhase section */
		F423759B1A1BCD8D003BECDF /* Resources */ = {
			isa = PBXResourcesBuildPhase;
			buildActionMask = 2147483647;
			files = (
				F42375A81A1BCD8D003BECDF /* Main.storyboard in Resources */,
				F42375AD1A1BCD8D003BECDF /* LaunchScreen.xib in Resources */,
				F42375AA1A1BCD8D003BECDF /* Images.xcassets in Resources */,
			);
			runOnlyForDeploymentPostprocessing = 0;
		};
		F42375B01A1BCD8D003BECDF /* Resources */ = {
			isa = PBXResourcesBuildPhase;
			buildActionMask = 2147483647;
			files = (
			);
			runOnlyForDeploymentPostprocessing = 0;
		};
/* End PBXResourcesBuildPhase section */

/* Begin PBXSourcesBuildPhase section */
		F42375991A1BCD8D003BECDF /* Sources */ = {
			isa = PBXSourcesBuildPhase;
			buildActionMask = 2147483647;
			files = (
				F46C7AED1A1BCFF800FF82B4 /* View.swift in Sources */,
				F46C7AEB1A1BCFF800FF82B4 /* Property.swift in Sources */,
				F46C7AEC1A1BCFF800FF82B4 /* Size.swift in Sources */,
				F43C6AD21A4AF69700B8C74F /* GalleryBrowserPageView.swift in Sources */,
				F43626001A2AF7FD00DECBD9 /* FICImageCache.m in Sources */,
				F43626011A2AF7FD00DECBD9 /* FICImageFormat.m in Sources */,
				F46C7ACF1A1BCEE000FF82B4 /* Alamofire.swift in Sources */,
				F43626111A2C0E9E00DECBD9 /* GalleryImageCell.swift in Sources */,
				F4D757FB1A45F82E000DE21E /* GalleryViewControllerTransitioning.swift in Sources */,
				F436260F1A2BD99E00DECBD9 /* FNImage.swift in Sources */,
				F41FAA511A49C52000AF7366 /* MathAdditions.swift in Sources */,
				F42375A51A1BCD8D003BECDF /* GalleryViewController.swift in Sources */,
				F43626031A2AF7FD00DECBD9 /* FICImageTableChunk.m in Sources */,
				F4634AC51A323A3B00A63B7F /* GalleryBrowsePhotoViewController.swift in Sources */,
				F46C7AE51A1BCFF800FF82B4 /* Expression.swift in Sources */,
				F46C7AE31A1BCFF800FF82B4 /* Edge.swift in Sources */,
				F46C7AE21A1BCFF800FF82B4 /* Dimension.swift in Sources */,
				F42375A31A1BCD8D003BECDF /* AppDelegate.swift in Sources */,
				F43626021A2AF7FD00DECBD9 /* FICImageTable.m in Sources */,
				F46C7AE11A1BCFF800FF82B4 /* Compound.swift in Sources */,
				F43626041A2AF7FD00DECBD9 /* FICImageTableEntry.m in Sources */,
				F46C7AE71A1BCFF800FF82B4 /* Layout.swift in Sources */,
				F46C7AE91A1BCFF800FF82B4 /* Point.swift in Sources */,
				F46C7AE81A1BCFF800FF82B4 /* LayoutProxy.swift in Sources */,
				F4EA7A0A1A1DB1CB00526783 /* GalleryExampleViewController.swift in Sources */,
				F43626051A2AF7FD00DECBD9 /* FICUtilities.m in Sources */,
				F436260D1A2BD75900DECBD9 /* ImageCacheManager.swift in Sources */,
				F46C7AEA1A1BCFF800FF82B4 /* Priority.swift in Sources */,
				F46C7AE41A1BCFF800FF82B4 /* Edges.swift in Sources */,
				F46C7AE01A1BCFF800FF82B4 /* Coefficients.swift in Sources */,
			);
			runOnlyForDeploymentPostprocessing = 0;
		};
		F42375AE1A1BCD8D003BECDF /* Sources */ = {
			isa = PBXSourcesBuildPhase;
			buildActionMask = 2147483647;
			files = (
				F42375B91A1BCD8D003BECDF /* FNAsyncGalleryTests.swift in Sources */,
			);
			runOnlyForDeploymentPostprocessing = 0;
		};
/* End PBXSourcesBuildPhase section */

/* Begin PBXTargetDependency section */
		F42375B41A1BCD8D003BECDF /* PBXTargetDependency */ = {
			isa = PBXTargetDependency;
			target = F423759C1A1BCD8D003BECDF /* FNAsyncGallery */;
			targetProxy = F42375B31A1BCD8D003BECDF /* PBXContainerItemProxy */;
		};
/* End PBXTargetDependency section */

/* Begin PBXVariantGroup section */
		F42375A61A1BCD8D003BECDF /* Main.storyboard */ = {
			isa = PBXVariantGroup;
			children = (
				F42375A71A1BCD8D003BECDF /* Base */,
			);
			name = Main.storyboard;
			sourceTree = "<group>";
		};
		F42375AB1A1BCD8D003BECDF /* LaunchScreen.xib */ = {
			isa = PBXVariantGroup;
			children = (
				F42375AC1A1BCD8D003BECDF /* Base */,
			);
			name = LaunchScreen.xib;
			sourceTree = "<group>";
		};
/* End PBXVariantGroup section */

/* Begin XCBuildConfiguration section */
		F42375BA1A1BCD8D003BECDF /* Debug */ = {
			isa = XCBuildConfiguration;
			buildSettings = {
				ALWAYS_SEARCH_USER_PATHS = NO;
				CLANG_CXX_LANGUAGE_STANDARD = "gnu++0x";
				CLANG_CXX_LIBRARY = "libc++";
				CLANG_ENABLE_MODULES = YES;
				CLANG_ENABLE_OBJC_ARC = YES;
				CLANG_WARN_BOOL_CONVERSION = YES;
				CLANG_WARN_CONSTANT_CONVERSION = YES;
				CLANG_WARN_DIRECT_OBJC_ISA_USAGE = YES_ERROR;
				CLANG_WARN_EMPTY_BODY = YES;
				CLANG_WARN_ENUM_CONVERSION = YES;
				CLANG_WARN_INT_CONVERSION = YES;
				CLANG_WARN_OBJC_ROOT_CLASS = YES_ERROR;
				CLANG_WARN_UNREACHABLE_CODE = YES;
				CLANG_WARN__DUPLICATE_METHOD_MATCH = YES;
				"CODE_SIGN_IDENTITY[sdk=iphoneos*]" = "iPhone Developer";
				COPY_PHASE_STRIP = NO;
				ENABLE_STRICT_OBJC_MSGSEND = YES;
				GCC_C_LANGUAGE_STANDARD = gnu99;
				GCC_DYNAMIC_NO_PIC = NO;
				GCC_OPTIMIZATION_LEVEL = 0;
				GCC_PREPROCESSOR_DEFINITIONS = (
					"DEBUG=1",
					"$(inherited)",
				);
				GCC_SYMBOLS_PRIVATE_EXTERN = NO;
				GCC_WARN_64_TO_32_BIT_CONVERSION = YES;
				GCC_WARN_ABOUT_RETURN_TYPE = YES_ERROR;
				GCC_WARN_UNDECLARED_SELECTOR = YES;
				GCC_WARN_UNINITIALIZED_AUTOS = YES_AGGRESSIVE;
				GCC_WARN_UNUSED_FUNCTION = YES;
				GCC_WARN_UNUSED_VARIABLE = YES;
				IPHONEOS_DEPLOYMENT_TARGET = 8.1;
				MTL_ENABLE_DEBUG_INFO = YES;
				ONLY_ACTIVE_ARCH = YES;
				SDKROOT = iphoneos;
				SWIFT_OPTIMIZATION_LEVEL = "-Onone";
			};
			name = Debug;
		};
		F42375BB1A1BCD8D003BECDF /* Release */ = {
			isa = XCBuildConfiguration;
			buildSettings = {
				ALWAYS_SEARCH_USER_PATHS = NO;
				CLANG_CXX_LANGUAGE_STANDARD = "gnu++0x";
				CLANG_CXX_LIBRARY = "libc++";
				CLANG_ENABLE_MODULES = YES;
				CLANG_ENABLE_OBJC_ARC = YES;
				CLANG_WARN_BOOL_CONVERSION = YES;
				CLANG_WARN_CONSTANT_CONVERSION = YES;
				CLANG_WARN_DIRECT_OBJC_ISA_USAGE = YES_ERROR;
				CLANG_WARN_EMPTY_BODY = YES;
				CLANG_WARN_ENUM_CONVERSION = YES;
				CLANG_WARN_INT_CONVERSION = YES;
				CLANG_WARN_OBJC_ROOT_CLASS = YES_ERROR;
				CLANG_WARN_UNREACHABLE_CODE = YES;
				CLANG_WARN__DUPLICATE_METHOD_MATCH = YES;
				"CODE_SIGN_IDENTITY[sdk=iphoneos*]" = "iPhone Developer";
				COPY_PHASE_STRIP = YES;
				ENABLE_NS_ASSERTIONS = NO;
				ENABLE_STRICT_OBJC_MSGSEND = YES;
				GCC_C_LANGUAGE_STANDARD = gnu99;
				GCC_WARN_64_TO_32_BIT_CONVERSION = YES;
				GCC_WARN_ABOUT_RETURN_TYPE = YES_ERROR;
				GCC_WARN_UNDECLARED_SELECTOR = YES;
				GCC_WARN_UNINITIALIZED_AUTOS = YES_AGGRESSIVE;
				GCC_WARN_UNUSED_FUNCTION = YES;
				GCC_WARN_UNUSED_VARIABLE = YES;
				IPHONEOS_DEPLOYMENT_TARGET = 8.1;
				MTL_ENABLE_DEBUG_INFO = NO;
				SDKROOT = iphoneos;
				VALIDATE_PRODUCT = YES;
			};
			name = Release;
		};
		F42375BD1A1BCD8D003BECDF /* Debug */ = {
			isa = XCBuildConfiguration;
			buildSettings = {
				ASSETCATALOG_COMPILER_APPICON_NAME = AppIcon;
				INFOPLIST_FILE = FNAsyncGallery/Info.plist;
				LD_RUNPATH_SEARCH_PATHS = "$(inherited) @executable_path/Frameworks";
				PRODUCT_NAME = "$(TARGET_NAME)";
				SWIFT_OBJC_BRIDGING_HEADER = "FNAsyncGallery/FNAsyncGallery-Bridging-Header.h";
			};
			name = Debug;
		};
		F42375BE1A1BCD8D003BECDF /* Release */ = {
			isa = XCBuildConfiguration;
			buildSettings = {
				ASSETCATALOG_COMPILER_APPICON_NAME = AppIcon;
				INFOPLIST_FILE = FNAsyncGallery/Info.plist;
				LD_RUNPATH_SEARCH_PATHS = "$(inherited) @executable_path/Frameworks";
				PRODUCT_NAME = "$(TARGET_NAME)";
				SWIFT_OBJC_BRIDGING_HEADER = "FNAsyncGallery/FNAsyncGallery-Bridging-Header.h";
			};
			name = Release;
		};
		F42375C01A1BCD8D003BECDF /* Debug */ = {
			isa = XCBuildConfiguration;
			buildSettings = {
				BUNDLE_LOADER = "$(TEST_HOST)";
				FRAMEWORK_SEARCH_PATHS = (
					"$(SDKROOT)/Developer/Library/Frameworks",
					"$(inherited)",
				);
				GCC_PREPROCESSOR_DEFINITIONS = (
					"DEBUG=1",
					"$(inherited)",
				);
				INFOPLIST_FILE = FNAsyncGalleryTests/Info.plist;
				LD_RUNPATH_SEARCH_PATHS = "$(inherited) @executable_path/Frameworks @loader_path/Frameworks";
				PRODUCT_NAME = "$(TARGET_NAME)";
				TEST_HOST = "$(BUILT_PRODUCTS_DIR)/FNAsyncGallery.app/FNAsyncGallery";
			};
			name = Debug;
		};
		F42375C11A1BCD8D003BECDF /* Release */ = {
			isa = XCBuildConfiguration;
			buildSettings = {
				BUNDLE_LOADER = "$(TEST_HOST)";
				FRAMEWORK_SEARCH_PATHS = (
					"$(SDKROOT)/Developer/Library/Frameworks",
					"$(inherited)",
				);
				INFOPLIST_FILE = FNAsyncGalleryTests/Info.plist;
				LD_RUNPATH_SEARCH_PATHS = "$(inherited) @executable_path/Frameworks @loader_path/Frameworks";
				PRODUCT_NAME = "$(TARGET_NAME)";
				TEST_HOST = "$(BUILT_PRODUCTS_DIR)/FNAsyncGallery.app/FNAsyncGallery";
			};
			name = Release;
		};
/* End XCBuildConfiguration section */

/* Begin XCConfigurationList section */
		F42375981A1BCD8D003BECDF /* Build configuration list for PBXProject "FNAsyncGallery" */ = {
			isa = XCConfigurationList;
			buildConfigurations = (
				F42375BA1A1BCD8D003BECDF /* Debug */,
				F42375BB1A1BCD8D003BECDF /* Release */,
			);
			defaultConfigurationIsVisible = 0;
			defaultConfigurationName = Release;
		};
		F42375BC1A1BCD8D003BECDF /* Build configuration list for PBXNativeTarget "FNAsyncGallery" */ = {
			isa = XCConfigurationList;
			buildConfigurations = (
				F42375BD1A1BCD8D003BECDF /* Debug */,
				F42375BE1A1BCD8D003BECDF /* Release */,
			);
			defaultConfigurationIsVisible = 0;
			defaultConfigurationName = Release;
		};
		F42375BF1A1BCD8D003BECDF /* Build configuration list for PBXNativeTarget "FNAsyncGalleryTests" */ = {
			isa = XCConfigurationList;
			buildConfigurations = (
				F42375C01A1BCD8D003BECDF /* Debug */,
				F42375C11A1BCD8D003BECDF /* Release */,
			);
			defaultConfigurationIsVisible = 0;
			defaultConfigurationName = Release;
		};
/* End XCConfigurationList section */
	};
	rootObject = F42375951A1BCD8D003BECDF /* Project object */;
}
